{
  "name": "acnodb",
  "version": "0.0.2",
  "lockfileVersion": 1,
  "requires": true,
  "dependencies": {
    "bs-platform": {
      "version": "9.0.2",
      "resolved": "https://registry.npmjs.org/bs-platform/-/bs-platform-9.0.2.tgz",
      "integrity": "sha512-Ye9JqJ4Oa7mcjjoOVRYI8Uc2Cf8N7jQLWDcdUplY7996d/YErSR7WitmV7XnSwr4EvdrbwjEsg1NxNjUQv3ChA==",
      "dev": true
    }
  }
}
